{
  "name": "cabinet",
  "lockfileVersion": 2,
  "requires": true,
  "packages": {
    "": {
      "dependencies": {
        "@babylonjs/loaders": "^5.15.1"
      }
    },
    "node_modules/@babylonjs/core": {
      "version": "5.15.1",
      "resolved": "https://registry.npmjs.org/@babylonjs/core/-/core-5.15.1.tgz",
      "integrity": "sha512-ensMYRs+JlzvLOy0wkFUpf66Ajar7OCH9wCAXHdYRTyjboa/tyPfflnJlvUhIpWunKBopkpGfeSlFjrafacRsg==",
      "peer": true,
      "dependencies": {
        "tslib": "^2.4.0"
      }
    },
    "node_modules/@babylonjs/loaders": {
      "version": "5.15.1",
      "resolved": "https://registry.npmjs.org/@babylonjs/loaders/-/loaders-5.15.1.tgz",
      "integrity": "sha512-J52lx5pq1pxorRhiLHbqX7WAsIsSQ/imHsFicNszPI2tqMc0deCjDi2hWkUtv1Wo0SQYcGjSgPKUBEZo9blnhw==",
      "dependencies": {
        "tslib": "^2.4.0"
      },
      "peerDependencies": {
        "@babylonjs/core": "^5.0.0",
        "babylonjs-gltf2interface": "^5.0.0"
      }
    },
    "node_modules/babylonjs-gltf2interface": {
      "version": "5.15.1",
      "resolved": "https://registry.npmjs.org/babylonjs-gltf2interface/-/babylonjs-gltf2interface-5.15.1.tgz",
      "integrity": "sha512-bf4ZdZ8v84vlQ4LVOk5zPGhXgt3sFf/qMvLjnWQ10PxAe8cr5VkUvX/2eFj/R6IsnkvvFugGYT5cXeP3CAssxQ==",
      "peer": true
    },
    "node_modules/tslib": {
      "version": "2.4.0",
      "resolved": "https://registry.npmjs.org/tslib/-/tslib-2.4.0.tgz",
      "integrity": "sha512-d6xOpEDfsi2CZVlPQzGeux8XMwLT9hssAsaPYExaQMuYskwb+x1x7J371tWlbBdWHroy99KnVB6qIkUbs5X3UQ=="
    }
  },
  "dependencies": {
    "@babylonjs/core": {
      "version": "5.15.1",
      "resolved": "https://registry.npmjs.org/@babylonjs/core/-/core-5.15.1.tgz",
      "integrity": "sha512-ensMYRs+JlzvLOy0wkFUpf66Ajar7OCH9wCAXHdYRTyjboa/tyPfflnJlvUhIpWunKBopkpGfeSlFjrafacRsg==",
      "peer": true,
      "requires": {
        "tslib": "^2.4.0"
      }
    },
    "@babylonjs/loaders": {
      "version": "5.15.1",
      "resolved": "https://registry.npmjs.org/@babylonjs/loaders/-/loaders-5.15.1.tgz",
      "integrity": "sha512-J52lx5pq1pxorRhiLHbqX7WAsIsSQ/imHsFicNszPI2tqMc0deCjDi2hWkUtv1Wo0SQYcGjSgPKUBEZo9blnhw==",
      "requires": {
        "tslib": "^2.4.0"
      }
    },
    "babylonjs-gltf2interface": {
      "version": "5.15.1",
      "resolved": "https://registry.npmjs.org/babylonjs-gltf2interface/-/babylonjs-gltf2interface-5.15.1.tgz",
      "integrity": "sha512-bf4ZdZ8v84vlQ4LVOk5zPGhXgt3sFf/qMvLjnWQ10PxAe8cr5VkUvX/2eFj/R6IsnkvvFugGYT5cXeP3CAssxQ==",
      "peer": true
    },
    "tslib": {
      "version": "2.4.0",
      "resolved": "https://registry.npmjs.org/tslib/-/tslib-2.4.0.tgz",
      "integrity": "sha512-d6xOpEDfsi2CZVlPQzGeux8XMwLT9hssAsaPYExaQMuYskwb+x1x7J371tWlbBdWHroy99KnVB6qIkUbs5X3UQ=="
    }
  }
}
